
Microsoft Visual Studio Solution File, Format Version 12.00
# Visual Studio 2012
Project("{FAE04EC0-301F-11D3-BF4B-00C04F79EFBC}") = "TT.Web", "NancyApplication1\TT.Web.csproj", "{B4F9C525-5C56-440E-B4C2-972A33D7C8CD}"
EndProject
Project("{2150E333-8FDC-42A3-9474-1A3956D46DE8}") = ".nuget", ".nuget", "{1CF02F46-B8F1-4F63-A3E5-40A9CB76182C}"
	ProjectSection(SolutionItems) = preProject
		.nuget\NuGet.Config = .nuget\NuGet.Config
		.nuget\NuGet.exe = .nuget\NuGet.exe
		.nuget\NuGet.targets = .nuget\NuGet.targets
	EndProjectSection
EndProject
Project("{FAE04EC0-301F-11D3-BF4B-00C04F79EFBC}") = "TT.Data", "TT.Data\TT.Data.csproj", "{62F15D5F-D2CA-4A87-BC14-479D4F9FEBFF}"
EndProject
Project("{FAE04EC0-301F-11D3-BF4B-00C04F79EFBC}") = "TT.BizLogic", "TT.BizLogic\TT.BizLogic.csproj", "{AA81FD74-CFB4-442E-B25C-DC5D9871CA8B}"
EndProject
Project("{FAE04EC0-301F-11D3-BF4B-00C04F79EFBC}") = "Common", "Common\Common.csproj", "{047449AC-FED4-4070-B11E-389E6532F849}"
EndProject
Project("{FAE04EC0-301F-11D3-BF4B-00C04F79EFBC}") = "Nancy.LightningCache", "..\..\..\Users\joe\Documents\GitHub\Nancy.LightningCache\Nancy.LightningCache\Nancy.LightningCache.csproj", "{FDE0905B-F713-478C-83BC-9872631758FE}"
EndProject
Global
	GlobalSection(SolutionConfigurationPlatforms) = preSolution
		Debug|Any CPU = Debug|Any CPU
		Release|Any CPU = Release|Any CPU
	EndGlobalSection
	GlobalSection(ProjectConfigurationPlatforms) = postSolution
		{B4F9C525-5C56-440E-B4C2-972A33D7C8CD}.Debug|Any CPU.ActiveCfg = Debug|Any CPU
		{B4F9C525-5C56-440E-B4C2-972A33D7C8CD}.Debug|Any CPU.Build.0 = Debug|Any CPU
		{B4F9C525-5C56-440E-B4C2-972A33D7C8CD}.Release|Any CPU.ActiveCfg = Release|Any CPU
		{B4F9C525-5C56-440E-B4C2-972A33D7C8CD}.Release|Any CPU.Build.0 = Release|Any CPU
		{62F15D5F-D2CA-4A87-BC14-479D4F9FEBFF}.Debug|Any CPU.ActiveCfg = Debug|Any CPU
		{62F15D5F-D2CA-4A87-BC14-479D4F9FEBFF}.Debug|Any CPU.Build.0 = Debug|Any CPU
		{62F15D5F-D2CA-4A87-BC14-479D4F9FEBFF}.Release|Any CPU.ActiveCfg = Release|Any CPU
		{62F15D5F-D2CA-4A87-BC14-479D4F9FEBFF}.Release|Any CPU.Build.0 = Release|Any CPU
		{AA81FD74-CFB4-442E-B25C-DC5D9871CA8B}.Debug|Any CPU.ActiveCfg = Debug|Any CPU
		{AA81FD74-CFB4-442E-B25C-DC5D9871CA8B}.Debug|Any CPU.Build.0 = Debug|Any CPU
		{AA81FD74-CFB4-442E-B25C-DC5D9871CA8B}.Release|Any CPU.ActiveCfg = Release|Any CPU
		{AA81FD74-CFB4-442E-B25C-DC5D9871CA8B}.Release|Any CPU.Build.0 = Release|Any CPU
		{047449AC-FED4-4070-B11E-389E6532F849}.Debug|Any CPU.ActiveCfg = Debug|Any CPU
		{047449AC-FED4-4070-B11E-389E6532F849}.Debug|Any CPU.Build.0 = Debug|Any CPU
		{047449AC-FED4-4070-B11E-389E6532F849}.Release|Any CPU.ActiveCfg = Release|Any CPU
		{047449AC-FED4-4070-B11E-389E6532F849}.Release|Any CPU.Build.0 = Release|Any CPU
		{FDE0905B-F713-478C-83BC-9872631758FE}.Debug|Any CPU.ActiveCfg = Debug|Any CPU
		{FDE0905B-F713-478C-83BC-9872631758FE}.Debug|Any CPU.Build.0 = Debug|Any CPU
		{FDE0905B-F713-478C-83BC-9872631758FE}.Release|Any CPU.ActiveCfg = Release|Any CPU
		{FDE0905B-F713-478C-83BC-9872631758FE}.Release|Any CPU.Build.0 = Release|Any CPU
	EndGlobalSection
	GlobalSection(SolutionProperties) = preSolution
		HideSolutionNode = FALSE
	EndGlobalSection
EndGlobal
